
Microsoft Visual Studio Solution File, Format Version 12.00
# Visual Studio 15
VisualStudioVersion = 15.0.28010.2046
MinimumVisualStudioVersion = 10.0.40219.1
Project("{9A19103F-16F7-4668-BE54-9A1E7A4F7556}") = "Problems", "Problems\Problems.csproj", "{28C4575E-8316-4C70-8DD2-02327BD4EEE8}"
EndProject
Project("{9A19103F-16F7-4668-BE54-9A1E7A4F7556}") = "Tests", "Tests\Tests.csproj", "{BA088F5D-DED0-4168-833E-D0E99A860543}"
EndProject
Global
	GlobalSection(SolutionConfigurationPlatforms) = preSolution
		Debug|Any CPU = Debug|Any CPU
		Release|Any CPU = Release|Any CPU
	EndGlobalSection
	GlobalSection(ProjectConfigurationPlatforms) = postSolution
		{28C4575E-8316-4C70-8DD2-02327BD4EEE8}.Debug|Any CPU.ActiveCfg = Debug|Any CPU
		{28C4575E-8316-4C70-8DD2-02327BD4EEE8}.Debug|Any CPU.Build.0 = Debug|Any CPU
		{28C4575E-8316-4C70-8DD2-02327BD4EEE8}.Release|Any CPU.ActiveCfg = Release|Any CPU
		{28C4575E-8316-4C70-8DD2-02327BD4EEE8}.Release|Any CPU.Build.0 = Release|Any CPU
		{BA088F5D-DED0-4168-833E-D0E99A860543}.Debug|Any CPU.ActiveCfg = Debug|Any CPU
		{BA088F5D-DED0-4168-833E-D0E99A860543}.Debug|Any CPU.Build.0 = Debug|Any CPU
		{BA088F5D-DED0-4168-833E-D0E99A860543}.Release|Any CPU.ActiveCfg = Release|Any CPU
		{BA088F5D-DED0-4168-833E-D0E99A860543}.Release|Any CPU.Build.0 = Release|Any CPU
	EndGlobalSection
	GlobalSection(SolutionProperties) = preSolution
		HideSolutionNode = FALSE
	EndGlobalSection
	GlobalSection(ExtensibilityGlobals) = postSolution
		SolutionGuid = {59BC8DB7-DE04-4B6C-92E6-7E94ACFFAC08}
	EndGlobalSection
EndGlobal
